
Microsoft Visual Studio Solution File, Format Version 12.00
# Visual Studio Version 16
VisualStudioVersion = 16.0.33927.289
MinimumVisualStudioVersion = 10.0.40219.1
Project("{FAE04EC0-301F-11D3-BF4B-00C04F79EFBC}") = "MouseMacro", "MouseMacro\MouseMacro.csproj", "{B2C491E9-3B1E-4B4C-BF73-123CC11A385D}"
EndProject
Global
	GlobalSection(SolutionConfigurationPlatforms) = preSolution
		Debug|Any CPU = Debug|Any CPU
		Release|Any CPU = Release|Any CPU
	EndGlobalSection
	GlobalSection(ProjectConfigurationPlatforms) = postSolution
		{B2C491E9-3B1E-4B4C-BF73-123CC11A385D}.Debug|Any CPU.ActiveCfg = Debug|Any CPU
		{B2C491E9-3B1E-4B4C-BF73-123CC11A385D}.Debug|Any CPU.Build.0 = Debug|Any CPU
		{B2C491E9-3B1E-4B4C-BF73-123CC11A385D}.Release|Any CPU.ActiveCfg = Release|Any CPU
		{B2C491E9-3B1E-4B4C-BF73-123CC11A385D}.Release|Any CPU.Build.0 = Release|Any CPU
	EndGlobalSection
	GlobalSection(SolutionProperties) = preSolution
		HideSolutionNode = FALSE
	EndGlobalSection
	GlobalSection(ExtensibilityGlobals) = postSolution
		SolutionGuid = {DE9645B2-F5F3-48C5-9EB7-D70425955057}
	EndGlobalSection
EndGlobal
